
Microsoft Visual Studio Solution File, Format Version 12.00
# Visual Studio Version 16
VisualStudioVersion = 16.0.33328.57
MinimumVisualStudioVersion = 10.0.40219.1
Project("{FAE04EC0-301F-11D3-BF4B-00C04F79EFBC}") = "FXSend", "FXSend\FXSend.csproj", "{925CD2E9-7ACD-4910-9FDC-CE6572DD1EF3}"
EndProject
Global
	GlobalSection(SolutionConfigurationPlatforms) = preSolution
		Debug|Any CPU = Debug|Any CPU
		Release|Any CPU = Release|Any CPU
	EndGlobalSection
	GlobalSection(ProjectConfigurationPlatforms) = postSolution
		{925CD2E9-7ACD-4910-9FDC-CE6572DD1EF3}.Debug|Any CPU.ActiveCfg = Debug|Any CPU
		{925CD2E9-7ACD-4910-9FDC-CE6572DD1EF3}.Debug|Any CPU.Build.0 = Debug|Any CPU
		{925CD2E9-7ACD-4910-9FDC-CE6572DD1EF3}.Release|Any CPU.ActiveCfg = Release|Any CPU
		{925CD2E9-7ACD-4910-9FDC-CE6572DD1EF3}.Release|Any CPU.Build.0 = Release|Any CPU
	EndGlobalSection
	GlobalSection(SolutionProperties) = preSolution
		HideSolutionNode = FALSE
	EndGlobalSection
	GlobalSection(ExtensibilityGlobals) = postSolution
		SolutionGuid = {EF2A8985-937E-43A4-8693-757DB5274EA2}
	EndGlobalSection
EndGlobal
